# THIS IS AN AUTOGENERATED FILE. DO NOT EDIT THIS FILE DIRECTLY.
# yarn lockfile v1


"@babel/parser@^7.15.0":
  version "7.16.2"
  resolved "https://registry.yarnpkg.com/@babel/parser/-/parser-7.16.2.tgz#3723cd5c8d8773eef96ce57ea1d9b7faaccd12ac"
  integrity sha512-RUVpT0G2h6rOZwqLDTrKk7ksNv7YpAilTnYe1/Q+eDjxEceRMKVWbCsX7t8h6C1qCFi/1Y8WZjcEPBAFG27GPw==

"@babel/runtime@^7.10.5", "@babel/runtime@^7.7.2":
  version "7.16.5"
  resolved "https://registry.yarnpkg.com/@babel/runtime/-/runtime-7.16.5.tgz#7f3e34bf8bdbbadf03fbb7b1ea0d929569c9487a"
  integrity sha512-TXWihFIS3Pyv5hzR7j6ihmeLkZfrXGxAr5UfSl8CHf+6q/wpiYDkUau0czckpYG8QmnCIuPpdLtuA9VmuGGyMA==
  dependencies:
    regenerator-runtime "^0.13.4"

"@element-plus/icons@^0.0.11":
  version "0.0.11"
  resolved "https://registry.yarnpkg.com/@element-plus/icons/-/icons-0.0.11.tgz#9b187c002774548b911850d17fa5fc2f9a515f57"
  integrity sha512-iKQXSxXu131Ai+I9Ymtcof9WId7kaXvB1+WRfAfpQCW7UiAMYgdNDqb/u0hgTo2Yq3MwC4MWJnNuTBEpG8r7+A==

"@popperjs/core@^2.10.2":
  version "2.11.0"
  resolved "https://registry.yarnpkg.com/@popperjs/core/-/core-2.11.0.tgz#6734f8ebc106a0860dff7f92bf90df193f0935d7"
  integrity sha512-zrsUxjLOKAzdewIDRWy9nsV1GQsKBCWaGwsZQlCgr6/q+vjyZhFgqedLfFBuI9anTPEUT4APq9Mu0SZBTzIcGQ==

"@vitejs/plugin-vue@^1.9.3":
  version "1.9.4"
  resolved "https://registry.yarnpkg.com/@vitejs/plugin-vue/-/plugin-vue-1.9.4.tgz#4f48485432cbb986a9fb9d254dc33ce30ddccbfa"
  integrity sha512-0CZqaCoChriPTTtGkERy1LGPcYjGFpi2uYRhBPIkqJqUGV5JnJFhQAgh6oH9j5XZHfrRaisX8W0xSpO4T7S78A==

"@vue/compiler-core@3.2.21":
  version "3.2.21"
  resolved "https://registry.yarnpkg.com/@vue/compiler-core/-/compiler-core-3.2.21.tgz#26566c32b2ad838199d471ef5df620a83846f24e"
  integrity sha512-NhhiQZNG71KNq1h5pMW/fAXdTF7lJRaSI7LDm2edhHXVz1ROMICo8SreUmQnSf4Fet0UPBVqJ988eF4+936iDQ==
  dependencies:
    "@babel/parser" "^7.15.0"
    "@vue/shared" "3.2.21"
    estree-walker "^2.0.2"
    source-map "^0.6.1"

"@vue/compiler-dom@3.2.21":
  version "3.2.21"
  resolved "https://registry.yarnpkg.com/@vue/compiler-dom/-/compiler-dom-3.2.21.tgz#d6f6c85364ef8888f9c4e9122bfba11e78fb398c"
  integrity sha512-gsJD3DpYZSYquiA7UIPsMDSlAooYWDvHPq9VRsqzJEk2PZtFvLvHPb4aaMD8Ufd62xzYn32cnnkzsEOJhyGilA==
  dependencies:
    "@vue/compiler-core" "3.2.21"
    "@vue/shared" "3.2.21"

"@vue/compiler-sfc@3.2.21":
  version "3.2.21"
  resolved "https://registry.yarnpkg.com/@vue/compiler-sfc/-/compiler-sfc-3.2.21.tgz#42639ee49e725afb7d8f1d1940e75dc17a56002c"
  integrity sha512-+yDlUSebKpz/ovxM2vLRRx7w/gVfY767pOfYTgbIhAs+ogvIV2BsIt4fpxlThnlCNChJ+yE0ERUNoROv2kEGEQ==
  dependencies:
    "@babel/parser" "^7.15.0"
    "@vue/compiler-core" "3.2.21"
    "@vue/compiler-dom" "3.2.21"
    "@vue/compiler-ssr" "3.2.21"
    "@vue/ref-transform" "3.2.21"
    "@vue/shared" "3.2.21"
    estree-walker "^2.0.2"
    magic-string "^0.25.7"
    postcss "^8.1.10"
    source-map "^0.6.1"

"@vue/compiler-ssr@3.2.21":
  version "3.2.21"
  resolved "https://registry.yarnpkg.com/@vue/compiler-ssr/-/compiler-ssr-3.2.21.tgz#37d124f89e8adef9fd56b85775de4b5310a0436e"
  integrity sha512-eU+A0iWYy+1zAo2CRIJ0zSVlv1iuGAIbNRCnllSJ31pV1lX3jypJYzGbJlSRAbB7VP6E+tYveVT1Oq8JKewa3g==
  dependencies:
    "@vue/compiler-dom" "3.2.21"
    "@vue/shared" "3.2.21"

"@vue/devtools-api@^6.0.0-beta.18":
  version "6.0.0-beta.20.1"
  resolved "https://registry.yarnpkg.com/@vue/devtools-api/-/devtools-api-6.0.0-beta.20.1.tgz#5b499647e929c35baf2a66a399578f9aa4601142"
  integrity sha512-R2rfiRY+kZugzWh9ZyITaovx+jpU4vgivAEAiz80kvh3yviiTU3CBuGuyWpSwGz9/C7TkSWVM/FtQRGlZ16n8Q==

"@vue/reactivity@3.2.21":
  version "3.2.21"
  resolved "https://registry.yarnpkg.com/@vue/reactivity/-/reactivity-3.2.21.tgz#073ad144192ed78a07e151e95a3baa515e4099a2"
  integrity sha512-7C57zFm/5E3SSTUhVuYj1InDwuJ+GIVQ/z+H43C9sST85gIThGXVhksl1yWTAadf8Yz4T5lSbqi5Ds8U/ueWcw==
  dependencies:
    "@vue/shared" "3.2.21"

"@vue/ref-transform@3.2.21":
  version "3.2.21"
  resolved "https://registry.yarnpkg.com/@vue/ref-transform/-/ref-transform-3.2.21.tgz#b0c554c9f640c3f005f77e676066aa0faba90984"
  integrity sha512-uiEWWBsrGeun9O7dQExYWzXO3rHm/YdtFNXDVqCSoPypzOVxWxdiL+8hHeWzxMB58fVuV2sT80aUtIVyaBVZgQ==
  dependencies:
    "@babel/parser" "^7.15.0"
    "@vue/compiler-core" "3.2.21"
    "@vue/shared" "3.2.21"
    estree-walker "^2.0.2"
    magic-string "^0.25.7"

"@vue/runtime-core@3.2.21":
  version "3.2.21"
  resolved "https://registry.yarnpkg.com/@vue/runtime-core/-/runtime-core-3.2.21.tgz#e12dac8c3893b7aebfc37e32066718d8aa686ac5"
  integrity sha512-7oOxKaU0D2IunOAMOOHZgJVrHg63xwng8BZx3fbgmakqEIMwHhQcp+5GV1sOg/sWW7R4UhaRDIUCukO2GRVK2Q==
  dependencies:
    "@vue/reactivity" "3.2.21"
    "@vue/shared" "3.2.21"

"@vue/runtime-dom@3.2.21":
  version "3.2.21"
  resolved "https://registry.yarnpkg.com/@vue/runtime-dom/-/runtime-dom-3.2.21.tgz#33dd15bc85281e773177a30dc6931c294bd77aa1"
  integrity sha512-apBdriD6QsI4ywbllY8kjr9/0scGuStDuvLbJULPQkFPtHzntd51bP5PQTQVAEIc9kwnTozmj6x6ZdX/cwo7xA==
  dependencies:
    "@vue/runtime-core" "3.2.21"
    "@vue/shared" "3.2.21"
    csstype "^2.6.8"

"@vue/server-renderer@3.2.21":
  version "3.2.21"
  resolved "https://registry.yarnpkg.com/@vue/server-renderer/-/server-renderer-3.2.21.tgz#887d0a44de76f72313cff2686a24c0315231d634"
  integrity sha512-QBgYqVgI7XCSBCqGa4LduV9vpfQFdZBOodFmq5Txk5W/v1KrJ1LoOh2Q0RHiRgtoK/UR9uyvRVcYqOmwHkZNEg==
  dependencies:
    "@vue/compiler-ssr" "3.2.21"
    "@vue/shared" "3.2.21"

"@vue/shared@3.2.21":
  version "3.2.21"
  resolved "https://registry.yarnpkg.com/@vue/shared/-/shared-3.2.21.tgz#4cd80c0e62cf65a7adab2449e86b6f0cb33a130b"
  integrity sha512-5EQmIPK6gw4UVYUbM959B0uPsJ58+xoMESCZs3N89XyvJ9e+fX4pqEPrOGV8OroIk3SbEvJcC+eYc8BH9JQrHA==

"@vueuse/core@^6.9.1":
  version "6.9.2"
  resolved "https://registry.yarnpkg.com/@vueuse/core/-/core-6.9.2.tgz#76b16d01f33cf367dd1a2d7f2e31d106443ceb8a"
  integrity sha512-FRwl4ccSFuHZBHLGgS9TMv/+Dd6XFaL4o9nph2qtgQIV+z29RBFokw08XjHfykiENRzB01MjYHJ7iRUnsIFQXg==
  dependencies:
    "@vueuse/shared" "6.9.2"
    vue-demi "*"

"@vueuse/core@^7.0.0":
  version "7.1.2"
  resolved "https://registry.yarnpkg.com/@vueuse/core/-/core-7.1.2.tgz#61ab2698c725ccaf168676f34cf6f41f76f8df34"
  integrity sha512-SLoOPfhZdNRNUkZfx+wrHj6WycWdSw2RmNS8E4ngQ2kmBoJjRarGy51/GkGdjqHQqmhuwuFoNO2WaU0yBn3ffg==
  dependencies:
    "@vueuse/shared" "7.1.2"
    vue-demi "*"

"@vueuse/shared@6.9.2":
  version "6.9.2"
  resolved "https://registry.yarnpkg.com/@vueuse/shared/-/shared-6.9.2.tgz#97e4369fa7262ebc96fe1d6e210268f30b037005"
  integrity sha512-lAiMh6XROs0kSKVd0Yb/6GKoQMxC1fYrFDi6opvQWISPtcqRNluRrQxLUZ3WTI78ovtoKRLktjhkFAtydcfFDg==
  dependencies:
    vue-demi "*"

"@vueuse/shared@7.1.2":
  version "7.1.2"
  resolved "https://registry.yarnpkg.com/@vueuse/shared/-/shared-7.1.2.tgz#caee72d0669ecdb2b845349e8fea9431e50c09d6"
  integrity sha512-AjYh4y9S5FMOoHDsysqcXY/1mpqNTrnWUD50yaaiyf+5kGWQVIpAkkjKZlYSC/NHKxxCRn0cLR4nWMzceUWewQ==
  dependencies:
    vue-demi "*"

amdefine@>=0.0.4:
  version "1.0.1"
  resolved "https://registry.yarnpkg.com/amdefine/-/amdefine-1.0.1.tgz#4a5282ac164729e93619bcfd3ad151f817ce91f5"
  integrity sha1-SlKCrBZHKek2Gbz9OtFR+BfOkfU=

ansi-styles@^3.2.1:
  version "3.2.1"
  resolved "https://registry.yarnpkg.com/ansi-styles/-/ansi-styles-3.2.1.tgz#41fbb20243e50b12be0f04b8dedbf07520ce841d"
  integrity sha512-VT0ZI6kZRdTh8YyJw3SMbYm/u+NqfsAxEpWO0Pf9sq8/e94WxxOpPKx9FR1FlyCtOVDNOQ+8ntlqFxiRc+r5qA==
  dependencies:
    color-convert "^1.9.0"

async-validator@^4.0.7:
  version "4.0.7"
  resolved "https://registry.yarnpkg.com/async-validator/-/async-validator-4.0.7.tgz#034a0fd2103a6b2ebf010da75183bec299247afe"
  integrity sha512-Pj2IR7u8hmUEDOwB++su6baaRi+QvsgajuFB9j95foM1N2gy5HM4z60hfusIO0fBPG5uLAEl6yCJr1jNSVugEQ==

chalk@^2.3.2:
  version "2.4.2"
  resolved "https://registry.yarnpkg.com/chalk/-/chalk-2.4.2.tgz#cd42541677a54333cf541a49108c1432b44c9424"
  integrity sha512-Mti+f9lpJNcwF4tWV8/OrTTtF1gZi+f8FqlyAdouralcFWFQWF2+NgCHShjkCb+IFBLq9buZwE1xckQU4peSuQ==
  dependencies:
    ansi-styles "^3.2.1"
    escape-string-regexp "^1.0.5"
    supports-color "^5.3.0"

color-convert@^1.9.0:
  version "1.9.3"
  resolved "https://registry.yarnpkg.com/color-convert/-/color-convert-1.9.3.tgz#bb71850690e1f136567de629d2d5471deda4c1e8"
  integrity sha512-QfAUtd+vFdAtFQcC8CCyYt1fYWxSqAiK2cSD6zDB8N3cpsEBAvRxp9zOGg6G/SHHJYAT88/az/IuDGALsNVbGg==
  dependencies:
    color-name "1.1.3"

color-name@1.1.3:
  version "1.1.3"
  resolved "https://registry.yarnpkg.com/color-name/-/color-name-1.1.3.tgz#a7d0558bd89c42f795dd42328f740831ca53bc25"
  integrity sha1-p9BVi9icQveV3UIyj3QIMcpTvCU=

commander@^2.15.1:
  version "2.20.3"
  resolved "https://registry.yarnpkg.com/commander/-/commander-2.20.3.tgz#fd485e84c03eb4881c20722ba48035e8531aeb33"
  integrity sha512-GpVkmM8vF2vQUkj2LvZmD35JxeJOLCwJ9cUkugyk2nuhbv3+mJvpLYYt+0+USMxE+oj+ey/lJEnhZw75x/OMcQ==

csstype@^2.6.8:
  version "2.6.18"
  resolved "https://registry.yarnpkg.com/csstype/-/csstype-2.6.18.tgz#980a8b53085f34af313410af064f2bd241784218"
  integrity sha512-RSU6Hyeg14am3Ah4VZEmeX8H7kLwEEirXe6aU2IPfKNvhXwTflK5HQRDNI0ypQXoqmm+QPyG2IaPuQE5zMwSIQ==

d@1, d@^1.0.1:
  version "1.0.1"
  resolved "https://registry.yarnpkg.com/d/-/d-1.0.1.tgz#8698095372d58dbee346ffd0c7093f99f8f9eb5a"
  integrity sha512-m62ShEObQ39CfralilEQRjH6oAMtNCV1xJyEx5LpRYUVN+EviphDgUc/F3hnYbADmkiNs67Y+3ylmlG7Lnu+FA==
  dependencies:
    es5-ext "^0.10.50"
    type "^1.0.1"

danmu.js@^0.5.9:
  version "0.5.10"
  resolved "https://registry.yarnpkg.com/danmu.js/-/danmu.js-0.5.10.tgz#616f308f353eefc1f7b9c68a855130b1c3888cbf"
  integrity sha512-zLpSd5Yi+fxVVd0GHjrf5lZA45KKpbvc4Q8BbSVO3OdmCBkoB2vlDCGnVn18cnKpTNqi8Soy7AnzUw1YcqtzUA==
  dependencies:
    event-emitter "^0.3.5"

dayjs@^1.10.7:
  version "1.10.7"
  resolved "https://registry.yarnpkg.com/dayjs/-/dayjs-1.10.7.tgz#2cf5f91add28116748440866a0a1d26f3a6ce468"
  integrity sha512-P6twpd70BcPK34K26uJ1KT3wlhpuOAPoMwJzpsIWUxHZ7wpmbdZL/hQqBDfz7hGurYSa5PhzdhDHtt319hL3ig==

downloadjs@1.4.7:
  version "1.4.7"
  resolved "https://registry.yarnpkg.com/downloadjs/-/downloadjs-1.4.7.tgz#f69f96f940e0d0553dac291139865a3cd0101e3c"
  integrity sha1-9p+W+UDg0FU9rCkROYZaPNAQHjw=

draggabilly@^2.2.0:
  version "2.3.0"
  resolved "https://registry.yarnpkg.com/draggabilly/-/draggabilly-2.3.0.tgz#e0e653e09b938eb7ae654c4b7600114b24a2ee50"
  integrity sha512-gSsHrIE3rYK9fhK2vQC83t2YsbKbAHQkLsxsXw9TI3LUziq8EZXjX8g7eaf/NlrtWTFqgz7FmP/kdIvLjt64wA==
  dependencies:
    get-size "^2.0.2"
    unidragger "^2.3.0"

element-plus@^1.2.0-beta.5:
  version "1.2.0-beta.5"
  resolved "https://registry.yarnpkg.com/element-plus/-/element-plus-1.2.0-beta.5.tgz#ef4498c2d051a122cf5898189f4215129bb368bb"
  integrity sha512-8KNGsNZ6RjVJ7kmxq/WLeTBMhVxSjfaGdW2QdcdXz4km1MgxbyBfdiNGVQG4XH/n+hbtLFldCPw0mVT4vkncuA==
  dependencies:
    "@element-plus/icons" "^0.0.11"
    "@popperjs/core" "^2.10.2"
    "@vueuse/core" "^7.0.0"
    async-validator "^4.0.7"
    dayjs "^1.10.7"
    lodash "^4.17.21"
    memoize-one "^6.0.0"
    normalize-wheel-es "^1.1.1"

es5-ext@^0.10.35, es5-ext@^0.10.50, es5-ext@~0.10.14:
  version "0.10.53"
  resolved "https://registry.yarnpkg.com/es5-ext/-/es5-ext-0.10.53.tgz#93c5a3acfdbef275220ad72644ad02ee18368de1"
  integrity sha512-Xs2Stw6NiNHWypzRTY1MtaG/uJlwCk8kH81920ma8mvN8Xq1gsfhZvpkImLQArw8AHnv8MT2I45J3c0R8slE+Q==
  dependencies:
    es6-iterator "~2.0.3"
    es6-symbol "~3.1.3"
    next-tick "~1.0.0"

es6-iterator@~2.0.3:
  version "2.0.3"
  resolved "https://registry.yarnpkg.com/es6-iterator/-/es6-iterator-2.0.3.tgz#a7de889141a05a94b0854403b2d0a0fbfa98f3b7"
  integrity sha1-p96IkUGgWpSwhUQDstCg+/qY87c=
  dependencies:
    d "1"
    es5-ext "^0.10.35"
    es6-symbol "^3.1.1"

es6-symbol@^3.1.1, es6-symbol@~3.1.3:
  version "3.1.3"
  resolved "https://registry.yarnpkg.com/es6-symbol/-/es6-symbol-3.1.3.tgz#bad5d3c1bcdac28269f4cb331e431c78ac705d18"
  integrity sha512-NJ6Yn3FuDinBaBRWl/q5X/s4koRHBrgKAu+yGI6JCBeiu3qrcbJhwT2GeR/EXVfylRk8dpQVJoLEFhK+Mu31NA==
  dependencies:
    d "^1.0.1"
    ext "^1.1.2"

esbuild-android-arm64@0.13.12:
  version "0.13.12"
  resolved "https://registry.yarnpkg.com/esbuild-android-arm64/-/esbuild-android-arm64-0.13.12.tgz#e1f199dc05405cdc6670c00fb6c793822bf8ae4c"
  integrity sha512-TSVZVrb4EIXz6KaYjXfTzPyyRpXV5zgYIADXtQsIenjZ78myvDGaPi11o4ZSaHIwFHsuwkB6ne5SZRBwAQ7maw==

esbuild-darwin-64@0.13.12:
  version "0.13.12"
  resolved "https://registry.yarnpkg.com/esbuild-darwin-64/-/esbuild-darwin-64-0.13.12.tgz#f5c59e622955c01f050e5a7ac9c1d41db714b94d"
  integrity sha512-c51C+N+UHySoV2lgfWSwwmlnLnL0JWj/LzuZt9Ltk9ub1s2Y8cr6SQV5W3mqVH1egUceew6KZ8GyI4nwu+fhsw==

esbuild-darwin-arm64@0.13.12:
  version "0.13.12"
  resolved "https://registry.yarnpkg.com/esbuild-darwin-arm64/-/esbuild-darwin-arm64-0.13.12.tgz#8abae74c2956a8aa568fc52c78829338c4a4b988"
  integrity sha512-JvAMtshP45Hd8A8wOzjkY1xAnTKTYuP/QUaKp5eUQGX+76GIie3fCdUUr2ZEKdvpSImNqxiZSIMziEiGB5oUmQ==

esbuild-freebsd-64@0.13.12:
  version "0.13.12"
  resolved "https://registry.yarnpkg.com/esbuild-freebsd-64/-/esbuild-freebsd-64-0.13.12.tgz#6ad2ab8c0364ee7dd2d6e324d876a8e60ae75d12"
  integrity sha512-r6On/Skv9f0ZjTu6PW5o7pdXr8aOgtFOEURJZYf1XAJs0IQ+gW+o1DzXjVkIoT+n1cm3N/t1KRJfX71MPg/ZUA==

esbuild-freebsd-arm64@0.13.12:
  version "0.13.12"
  resolved "https://registry.yarnpkg.com/esbuild-freebsd-arm64/-/esbuild-freebsd-arm64-0.13.12.tgz#6f38155f4c300ac4c8adde1fde3cc6a4440a8294"
  integrity sha512-F6LmI2Q1gii073kmBE3NOTt/6zLL5zvZsxNLF8PMAwdHc+iBhD1vzfI8uQZMJA1IgXa3ocr3L3DJH9fLGXy6Yw==

esbuild-linux-32@0.13.12:
  version "0.13.12"
  resolved "https://registry.yarnpkg.com/esbuild-linux-32/-/esbuild-linux-32-0.13.12.tgz#b1d15e330188a8c21de75c3f0058628a3eefade7"
  integrity sha512-U1UZwG3UIwF7/V4tCVAo/nkBV9ag5KJiJTt+gaCmLVWH3bPLX7y+fNlhIWZy8raTMnXhMKfaTvWZ9TtmXzvkuQ==

esbuild-linux-64@0.13.12:
  version "0.13.12"
  resolved "https://registry.yarnpkg.com/esbuild-linux-64/-/esbuild-linux-64-0.13.12.tgz#25bd64b66162b02348e32d8f12e4c9ee61f1d070"
  integrity sha512-YpXSwtu2NxN3N4ifJxEdsgd6Q5d8LYqskrAwjmoCT6yQnEHJSF5uWcxv783HWN7lnGpJi9KUtDvYsnMdyGw71Q==

esbuild-linux-arm64@0.13.12:
  version "0.13.12"
  resolved "https://registry.yarnpkg.com/esbuild-linux-arm64/-/esbuild-linux-arm64-0.13.12.tgz#ba582298457cc5c9ac823a275de117620c06537f"
  integrity sha512-sgDNb8kb3BVodtAlcFGgwk+43KFCYjnFOaOfJibXnnIojNWuJHpL6aQJ4mumzNWw8Rt1xEtDQyuGK9f+Y24jGA==

esbuild-linux-arm@0.13.12:
  version "0.13.12"
  resolved "https://registry.yarnpkg.com/esbuild-linux-arm/-/esbuild-linux-arm-0.13.12.tgz#6bc81c957bff22725688cc6359c29a25765be09b"
  integrity sha512-SyiT/JKxU6J+DY2qUiSLZJqCAftIt3uoGejZ0HDnUM2MGJqEGSGh7p1ecVL2gna3PxS4P+j6WAehCwgkBPXNIw==

esbuild-linux-mips64le@0.13.12:
  version "0.13.12"
  resolved "https://registry.yarnpkg.com/esbuild-linux-mips64le/-/esbuild-linux-mips64le-0.13.12.tgz#ef3c4aba3e585d847cbade5945a8b4a5c62c7ce2"
  integrity sha512-qQJHlZBG+QwVIA8AbTEtbvF084QgDi4DaUsUnA+EolY1bxrG+UyOuGflM2ZritGhfS/k7THFjJbjH2wIeoKA2g==

esbuild-linux-ppc64le@0.13.12:
  version "0.13.12"
  resolved "https://registry.yarnpkg.com/esbuild-linux-ppc64le/-/esbuild-linux-ppc64le-0.13.12.tgz#a21fb64e80c38bef06122e48283990fc6db578e1"
  integrity sha512-2dSnm1ldL7Lppwlo04CGQUpwNn5hGqXI38OzaoPOkRsBRWFBozyGxTFSee/zHFS+Pdh3b28JJbRK3owrrRgWNw==

esbuild-netbsd-64@0.13.12:
  version "0.13.12"
  resolved "https://registry.yarnpkg.com/esbuild-netbsd-64/-/esbuild-netbsd-64-0.13.12.tgz#1ea7fc8cfce88a20a4047b867ef184049a6641ae"
  integrity sha512-D4raxr02dcRiQNbxOLzpqBzcJNFAdsDNxjUbKkDMZBkL54Z0vZh4LRndycdZAMcIdizC/l/Yp/ZsBdAFxc5nbA==

esbuild-openbsd-64@0.13.12:
  version "0.13.12"
  resolved "https://registry.yarnpkg.com/esbuild-openbsd-64/-/esbuild-openbsd-64-0.13.12.tgz#adde32f2f1b05dc4bd4fc544d6ea5a4379f9ca4d"
  integrity sha512-KuLCmYMb2kh05QuPJ+va60bKIH5wHL8ypDkmpy47lzwmdxNsuySeCMHuTv5o2Af1RUn5KLO5ZxaZeq4GEY7DaQ==

esbuild-sunos-64@0.13.12:
  version "0.13.12"
  resolved "https://registry.yarnpkg.com/esbuild-sunos-64/-/esbuild-sunos-64-0.13.12.tgz#a7ecaf52b7364fbee76dc8aa707fa3e1cff3342c"
  integrity sha512-jBsF+e0woK3miKI8ufGWKG3o3rY9DpHvCVRn5eburMIIE+2c+y3IZ1srsthKyKI6kkXLvV4Cf/E7w56kLipMXw==

esbuild-windows-32@0.13.12:
  version "0.13.12"
  resolved "https://registry.yarnpkg.com/esbuild-windows-32/-/esbuild-windows-32-0.13.12.tgz#a8756033dc905c4b7bea19be69f7ee68809f8770"
  integrity sha512-L9m4lLFQrFeR7F+eLZXG82SbXZfUhyfu6CexZEil6vm+lc7GDCE0Q8DiNutkpzjv1+RAbIGVva9muItQ7HVTkQ==

esbuild-windows-64@0.13.12:
  version "0.13.12"
  resolved "https://registry.yarnpkg.com/esbuild-windows-64/-/esbuild-windows-64-0.13.12.tgz#ae694aa66ca078acb8509b2da31197ed1f40f798"
  integrity sha512-k4tX4uJlSbSkfs78W5d9+I9gpd+7N95W7H2bgOMFPsYREVJs31+Q2gLLHlsnlY95zBoPQMIzHooUIsixQIBjaQ==

esbuild-windows-arm64@0.13.12:
  version "0.13.12"
  resolved "https://registry.yarnpkg.com/esbuild-windows-arm64/-/esbuild-windows-arm64-0.13.12.tgz#782c5a8bd6d717ea55aaafe648f9926ca36a4a88"
  integrity sha512-2tTv/BpYRIvuwHpp2M960nG7uvL+d78LFW/ikPItO+2GfK51CswIKSetSpDii+cjz8e9iSPgs+BU4o8nWICBwQ==

esbuild@^0.13.2:
  version "0.13.12"
  resolved "https://registry.yarnpkg.com/esbuild/-/esbuild-0.13.12.tgz#9cac641594bf03cf34145258c093d743ebbde7ca"
  integrity sha512-vTKKUt+yoz61U/BbrnmlG9XIjwpdIxmHB8DlPR0AAW6OdS+nBQBci6LUHU2q9WbBobMEIQxxDpKbkmOGYvxsow==
  optionalDependencies:
    esbuild-android-arm64 "0.13.12"
    esbuild-darwin-64 "0.13.12"
    esbuild-darwin-arm64 "0.13.12"
    esbuild-freebsd-64 "0.13.12"
    esbuild-freebsd-arm64 "0.13.12"
    esbuild-linux-32 "0.13.12"
    esbuild-linux-64 "0.13.12"
    esbuild-linux-arm "0.13.12"
    esbuild-linux-arm64 "0.13.12"
    esbuild-linux-mips64le "0.13.12"
    esbuild-linux-ppc64le "0.13.12"
    esbuild-netbsd-64 "0.13.12"
    esbuild-openbsd-64 "0.13.12"
    esbuild-sunos-64 "0.13.12"
    esbuild-windows-32 "0.13.12"
    esbuild-windows-64 "0.13.12"
    esbuild-windows-arm64 "0.13.12"

escape-string-regexp@^1.0.5:
  version "1.0.5"
  resolved "https://registry.yarnpkg.com/escape-string-regexp/-/escape-string-regexp-1.0.5.tgz#1b61c0562190a8dff6ae3bb2cf0200ca130b86d4"
  integrity sha1-G2HAViGQqN/2rjuyzwIAyhMLhtQ=

esprima@~1.2.2:
  version "1.2.5"
  resolved "https://registry.yarnpkg.com/esprima/-/esprima-1.2.5.tgz#0993502feaf668138325756f30f9a51feeec11e9"
  integrity sha1-CZNQL+r2aBODJXVvMPmlH+7sEek=

estree-walker@^2.0.2:
  version "2.0.2"
  resolved "https://registry.yarnpkg.com/estree-walker/-/estree-walker-2.0.2.tgz#52f010178c2a4c117a7757cfe942adb7d2da4cac"
  integrity sha512-Rfkk/Mp/DL7JVje3u18FxFujQlTNR2q6QfMSMB7AvCBx91NGj/ba3kCfza0f6dVDbw7YlRf/nDrn7pQrCCyQ/w==

ev-emitter@^1.0.1:
  version "1.1.1"
  resolved "https://registry.yarnpkg.com/ev-emitter/-/ev-emitter-1.1.1.tgz#8f18b0ce5c76a5d18017f71c0a795c65b9138f2a"
  integrity sha512-ipiDYhdQSCZ4hSbX4rMW+XzNKMD1prg/sTvoVmSLkuQ1MVlwjJQQA+sW8tMYR3BLUr9KjodFV4pvzunvRhd33Q==

event-emitter@^0.3.5:
  version "0.3.5"
  resolved "https://registry.yarnpkg.com/event-emitter/-/event-emitter-0.3.5.tgz#df8c69eef1647923c7157b9ce83840610b02cc39"
  integrity sha1-34xp7vFkeSPHFXuc6DhAYQsCzDk=
  dependencies:
    d "1"
    es5-ext "~0.10.14"

eventemitter3@^4.0.7:
  version "4.0.7"
  resolved "https://registry.yarnpkg.com/eventemitter3/-/eventemitter3-4.0.7.tgz#2de9b68f6528d5644ef5c59526a1b4a07306169f"
  integrity sha512-8guHBZCwKnFhYdHr2ysuRWErTwhoN2X8XELRlrRwpmfeY2jjuUN4taQMsULKUVo1K4DvZl+0pgfyoysHxvmvEw==

ext@^1.1.2:
  version "1.6.0"
  resolved "https://registry.yarnpkg.com/ext/-/ext-1.6.0.tgz#3871d50641e874cc172e2b53f919842d19db4c52"
  integrity sha512-sdBImtzkq2HpkdRLtlLWDa6w4DX22ijZLKx8BMPUuKe1c5lbN6xwQDQCxSfxBQnHZ13ls/FH0MQZx/q/gr6FQg==
  dependencies:
    type "^2.5.0"

fs-extra@^5.0.0:
  version "5.0.0"
  resolved "https://registry.yarnpkg.com/fs-extra/-/fs-extra-5.0.0.tgz#414d0110cdd06705734d055652c5411260c31abd"
  integrity sha512-66Pm4RYbjzdyeuqudYqhFiNBbCIuI9kgRqLPSHIlXHidW8NIQtVdkM1yeZ4lXwuhbTETv3EUGMNHAAw6hiundQ==
  dependencies:
    graceful-fs "^4.1.2"
    jsonfile "^4.0.0"
    universalify "^0.1.0"

fsevents@~2.3.2:
  version "2.3.2"
  resolved "https://registry.yarnpkg.com/fsevents/-/fsevents-2.3.2.tgz#8a526f78b8fdf4623b709e0b975c52c24c02fd1a"
  integrity sha512-xiqMQR4xAeHTuB9uWm+fFRcIOgKBMiOBP+eXiyT7jsgVCq1bkVygt00oASowB7EdtpOHaaPgKt812P9ab+DDKA==

function-bind@^1.1.1:
  version "1.1.1"
  resolved "https://registry.yarnpkg.com/function-bind/-/function-bind-1.1.1.tgz#a56899d3ea3c9bab874bb9773b7c5ede92f4895d"
  integrity sha512-yIovAzMX49sF8Yl58fSCWJ5svSLuaibPxXQJFLmBObTuCr0Mf1KiPopGM9NiFjiYBCbfaa2Fh6breQ6ANVTI0A==

generate-source-map@0.0.5:
  version "0.0.5"
  resolved "https://registry.yarnpkg.com/generate-source-map/-/generate-source-map-0.0.5.tgz#f1255f31653cb0231e6713a7dc8375af4f33a509"
  integrity sha1-8SVfMWU8sCMeZxOn3IN1r08zpQk=
  dependencies:
    esprima "~1.2.2"
    source-map "~0.1.34"

get-size@^2.0.2:
  version "2.0.3"
  resolved "https://registry.yarnpkg.com/get-size/-/get-size-2.0.3.tgz#54a1d0256b20ea7ac646516756202769941ad2ef"
  integrity sha512-lXNzT/h/dTjTxRbm9BXb+SGxxzkm97h/PCIKtlN/CBCxxmkkIVV21udumMS93MuVTDX583gqc94v3RjuHmI+2Q==

graceful-fs@^4.1.2, graceful-fs@^4.1.6:
  version "4.2.8"
  resolved "https://registry.yarnpkg.com/graceful-fs/-/graceful-fs-4.2.8.tgz#e412b8d33f5e006593cbd3cee6df9f2cebbe802a"
  integrity sha512-qkIilPUYcNhJpd33n0GBXTB1MMPp14TxEsEs0pTrsSVucApsYzW5V+Q8Qxhik6KU3evy+qkAAowTByymK0avdg==

has-flag@^3.0.0:
  version "3.0.0"
  resolved "https://registry.yarnpkg.com/has-flag/-/has-flag-3.0.0.tgz#b5d454dc2199ae225699f3467e5a07f3b955bafd"
  integrity sha1-tdRU3CGZriJWmfNGfloH87lVuv0=

has@^1.0.3:
  version "1.0.3"
  resolved "https://registry.yarnpkg.com/has/-/has-1.0.3.tgz#722d7cbfc1f6aa8241f16dd814e011e1f41e8796"
  integrity sha512-f2dvO0VU6Oej7RkWJGrehjbzMAjFp5/VKPp5tTpWIV4JHHZK1/BxbFRtf/siA2SWTe09caDmVtYYzWEIbBS4zw==
  dependencies:
    function-bind "^1.1.1"

import-html-entry@^1.9.0:
  version "1.11.1"
  resolved "https://registry.yarnpkg.com/import-html-entry/-/import-html-entry-1.11.1.tgz#3d8c5977926bdd122ab8e658965c102068b4af8d"
  integrity sha512-O7mCUTwKdYU49/LH6nq1adWPnUlZQpKeGWIEcDq07KTcqP/v0jBLEIVc0oE0Mtlw3CEe0eeKGMyhl6LwfXCV7A==
  dependencies:
    "@babel/runtime" "^7.7.2"

is-core-module@^2.2.0:
  version "2.8.0"
  resolved "https://registry.yarnpkg.com/is-core-module/-/is-core-module-2.8.0.tgz#0321336c3d0925e497fd97f5d95cb114a5ccd548"
  integrity sha512-vd15qHsaqrRL7dtH6QNuy0ndJmRDrS9HAM1CAiSifNUFv4x1a0CCVsj18hJ1mShxIG6T2i1sO78MkP56r0nYRw==
  dependencies:
    has "^1.0.3"

jsonfile@^4.0.0:
  version "4.0.0"
  resolved "https://registry.yarnpkg.com/jsonfile/-/jsonfile-4.0.0.tgz#8771aae0799b64076b76640fca058f9c10e33ecb"
  integrity sha1-h3Gq4HmbZAdrdmQPygWPnBDjPss=
  optionalDependencies:
    graceful-fs "^4.1.6"

lodash@^4.17.11, lodash@^4.17.21:
  version "4.17.21"
  resolved "https://registry.yarnpkg.com/lodash/-/lodash-4.17.21.tgz#679591c564c3bffaae8454cf0b3df370c3d6911c"
  integrity sha512-v2kDEe57lecTulaDIuNTPy3Ry4gLGJ6Z1O3vE1krgXZNrsQ+LFTGHVxVjcXPs17LhbZVGedAJv8XZ1tvj5FvSg==

magic-string@^0.25.7:
  version "0.25.7"
  resolved "https://registry.yarnpkg.com/magic-string/-/magic-string-0.25.7.tgz#3f497d6fd34c669c6798dcb821f2ef31f5445051"
  integrity sha512-4CrMT5DOHTDk4HYDlzmwu4FVCcIYI8gauveasrdCu2IKIFOJ3f0v/8MDGJCDL9oD2ppz/Av1b0Nj345H9M+XIA==
  dependencies:
    sourcemap-codec "^1.4.4"

memoize-one@^6.0.0:
  version "6.0.0"
  resolved "https://registry.yarnpkg.com/memoize-one/-/memoize-one-6.0.0.tgz#b2591b871ed82948aee4727dc6abceeeac8c1045"
  integrity sha512-rkpe71W0N0c0Xz6QD0eJETuWAJGnJ9afsl1srmwPrI+yBCkge5EycXXbYRyvL29zZVUWQCY7InPRCv3GDXuZNw==

nanoid@^3.1.30:
  version "3.1.30"
  resolved "https://registry.yarnpkg.com/nanoid/-/nanoid-3.1.30.tgz#63f93cc548d2a113dc5dfbc63bfa09e2b9b64362"
  integrity sha512-zJpuPDwOv8D2zq2WRoMe1HsfZthVewpel9CAvTfc/2mBD1uUT/agc5f7GHGWXlYkFvi1mVxe4IjvP2HNrop7nQ==

next-tick@~1.0.0:
  version "1.0.0"
  resolved "https://registry.yarnpkg.com/next-tick/-/next-tick-1.0.0.tgz#ca86d1fe8828169b0120208e3dc8424b9db8342c"
  integrity sha1-yobR/ogoFpsBICCOPchCS524NCw=

normalize-wheel-es@^1.1.1:
  version "1.1.1"
  resolved "https://registry.yarnpkg.com/normalize-wheel-es/-/normalize-wheel-es-1.1.1.tgz#a8096db6a56f94332d884fd8ebeda88f2fc79569"
  integrity sha512-157VNH4CngrcsvF8xOVOe22cwniIR3nxSltdctvQeHZj8JttEeOXffK28jucWfWBXs0QNetAumjc1GiInnwX4w==

path-parse@^1.0.6:
  version "1.0.7"
  resolved "https://registry.yarnpkg.com/path-parse/-/path-parse-1.0.7.tgz#fbc114b60ca42b30d9daf5858e4bd68bbedb6735"
  integrity sha512-LDJzPVEEEPR+y48z93A0Ed0yXb8pAByGWo/k5YYdYgpY2/2EsOsksJrq7lOHxryrVOn1ejG6oAp8ahvOIQD8sw==

picocolors@^1.0.0:
  version "1.0.0"
  resolved "https://registry.yarnpkg.com/picocolors/-/picocolors-1.0.0.tgz#cb5bdc74ff3f51892236eaf79d68bc44564ab81c"
  integrity sha512-1fygroTLlHu66zi26VoTDv8yRgm0Fccecssto+MhsZ0D/DGW2sm8E8AjW7NU5VVTRt5GxbeZ5qBuJr+HyLYkjQ==

postcss@^8.1.10, postcss@^8.3.8:
  version "8.3.11"
  resolved "https://registry.yarnpkg.com/postcss/-/postcss-8.3.11.tgz#c3beca7ea811cd5e1c4a3ec6d2e7599ef1f8f858"
  integrity sha512-hCmlUAIlUiav8Xdqw3Io4LcpA1DOt7h3LSTAC4G6JGHFFaWzI6qvFt9oilvl8BmkbBRX1IhM90ZAmpk68zccQA==
  dependencies:
    nanoid "^3.1.30"
    picocolors "^1.0.0"
    source-map-js "^0.6.2"

qiankun@^2.6.3:
  version "2.6.3"
  resolved "https://registry.yarnpkg.com/qiankun/-/qiankun-2.6.3.tgz#00c55a3d6655b2a78b6e0578d70c694cdb662073"
  integrity sha512-h1NIokwjdt508HNPcWBdzoYFDJvhbpUUlFSa5dDkpJYVCl55iqqHgdyi1YayinmLmr/9s/zD+WQv+A2mbzkMQw==
  dependencies:
    "@babel/runtime" "^7.10.5"
    import-html-entry "^1.9.0"
    lodash "^4.17.11"
    single-spa "^5.9.2"
    tslib "^1.10.0"

regenerator-runtime@^0.13.4:
  version "0.13.9"
  resolved "https://registry.yarnpkg.com/regenerator-runtime/-/regenerator-runtime-0.13.9.tgz#8925742a98ffd90814988d7566ad30ca3b263b52"
  integrity sha512-p3VT+cOEgxFsRRA9X4lkI1E+k2/CtnKtU4gcxyaCUreilL/vqI6CdZ3wxVUx3UOUg+gnUOQQcRI7BmSI656MYA==

resolve@^1.20.0:
  version "1.20.0"
  resolved "https://registry.yarnpkg.com/resolve/-/resolve-1.20.0.tgz#629a013fb3f70755d6f0b7935cc1c2c5378b1975"
  integrity sha512-wENBPt4ySzg4ybFQW2TT1zMQucPK95HSh/nq2CFTZVOGut2+pQvSsgtda4d26YrYcr067wjbmzOG8byDPBX63A==
  dependencies:
    is-core-module "^2.2.0"
    path-parse "^1.0.6"

rollup@^2.57.0:
  version "2.59.0"
  resolved "https://registry.yarnpkg.com/rollup/-/rollup-2.59.0.tgz#108c61b0fa0a37ebc8d1f164f281622056f0db59"
  integrity sha512-l7s90JQhCQ6JyZjKgo7Lq1dKh2RxatOM+Jr6a9F7WbS9WgKbocyUSeLmZl8evAse7y96Ae98L2k1cBOwWD8nHw==
  optionalDependencies:
    fsevents "~2.3.2"

single-spa@^5.9.2:
  version "5.9.3"
  resolved "https://registry.yarnpkg.com/single-spa/-/single-spa-5.9.3.tgz#2d151cbb3b273629a5b27b30a3b8ca847dcba4c5"
  integrity sha512-qMGraRzIBsodV6569Fob4cQ4/yQNrcZ5Achh3SAQDljmqUtjAZ7BAA7GAyO/l5eizb7GtTmVq9Di7ORyKw82CQ==

source-map-js@^0.6.2:
  version "0.6.2"
  resolved "https://registry.yarnpkg.com/source-map-js/-/source-map-js-0.6.2.tgz#0bb5de631b41cfbda6cfba8bd05a80efdfd2385e"
  integrity sha512-/3GptzWzu0+0MBQFrDKzw/DvvMTUORvgY6k6jd/VS6iCR4RDTKWH6v6WPwQoUO8667uQEf9Oe38DxAYWY5F/Ug==

source-map@^0.6.1:
  version "0.6.1"
  resolved "https://registry.yarnpkg.com/source-map/-/source-map-0.6.1.tgz#74722af32e9614e9c287a8d0bbde48b5e2f1a263"
  integrity sha512-UjgapumWlbMhkBgzT7Ykc5YXUT46F0iKu8SGXq0bcwP5dz/h0Plj6enJqjz1Zbq2l5WaqYnrVbwWOWMyF3F47g==

source-map@~0.1.34:
  version "0.1.43"
  resolved "https://registry.yarnpkg.com/source-map/-/source-map-0.1.43.tgz#c24bc146ca517c1471f5dacbe2571b2b7f9e3346"
  integrity sha1-wkvBRspRfBRx9drL4lcbK3+eM0Y=
  dependencies:
    amdefine ">=0.0.4"

sourcemap-codec@^1.4.4:
  version "1.4.8"
  resolved "https://registry.yarnpkg.com/sourcemap-codec/-/sourcemap-codec-1.4.8.tgz#ea804bd94857402e6992d05a38ef1ae35a9ab4c4"
  integrity sha512-9NykojV5Uih4lgo5So5dtw+f0JgJX30KCNI8gwhz2J9A15wD0Ml6tjHKwf6fTSa6fAdVBdZeNOs9eJ71qCk8vA==

supports-color@^5.3.0:
  version "5.5.0"
  resolved "https://registry.yarnpkg.com/supports-color/-/supports-color-5.5.0.tgz#e2e69a44ac8772f78a1ec0b35b689df6530efc8f"
  integrity sha512-QjVjwdXIt408MIiAqCX4oUKsgU2EqAGzs2Ppkm4aQYbjm+ZEWEcW4SfFNTr4uMNZma0ey4f5lgLrkB0aX0QMow==
  dependencies:
    has-flag "^3.0.0"

tslib@^1.10.0:
  version "1.14.1"
  resolved "https://registry.yarnpkg.com/tslib/-/tslib-1.14.1.tgz#cf2d38bdc34a134bcaf1091c41f6619e2f672d00"
  integrity sha512-Xni35NKzjgMrwevysHTCArtLDpPvye8zV/0E4EyYn43P7/7qvQwPh9BGkHewbMulVntbigmcT7rdX3BNo9wRJg==

type@^1.0.1:
  version "1.2.0"
  resolved "https://registry.yarnpkg.com/type/-/type-1.2.0.tgz#848dd7698dafa3e54a6c479e759c4bc3f18847a0"
  integrity sha512-+5nt5AAniqsCnu2cEQQdpzCAh33kVx8n0VoFidKpB1dVVLAN/F+bgVOqOJqOnEnrhp222clB5p3vUlD+1QAnfg==

type@^2.5.0:
  version "2.5.0"
  resolved "https://registry.yarnpkg.com/type/-/type-2.5.0.tgz#0a2e78c2e77907b252abe5f298c1b01c63f0db3d"
  integrity sha512-180WMDQaIMm3+7hGXWf12GtdniDEy7nYcyFMKJn/eZz/6tSLXrUN9V0wKSbMjej0I1WHWbpREDEKHtqPQa9NNw==

unidragger@^2.3.0:
  version "2.3.1"
  resolved "https://registry.yarnpkg.com/unidragger/-/unidragger-2.3.1.tgz#2e8c34feff61affa96dc895234ddfc1ea4ec7515"
  integrity sha512-u+IgG7AG0MXJTKcdzAIYxCm+W5FcnA9M28203Awl6jIcE3/+9OtEyUX4Wv64y7XNKEVRKPot52IV4V6x7FlF5Q==
  dependencies:
    unipointer "^2.3.0"

unipointer@^2.3.0:
  version "2.3.0"
  resolved "https://registry.yarnpkg.com/unipointer/-/unipointer-2.3.0.tgz#ba0dc462ce31c2a88e80810e19c3bae0ce47ed9f"
  integrity sha512-m85sAoELCZhogI1owtJV3Dva7GxkHk2lI7A0otw3o0OwCuC/Q9gi7ehddigEYIAYbhkqNdri+dU1QQkrcBvirQ==
  dependencies:
    ev-emitter "^1.0.1"

universalify@^0.1.0:
  version "0.1.2"
  resolved "https://registry.yarnpkg.com/universalify/-/universalify-0.1.2.tgz#b646f69be3942dabcecc9d6639c80dc105efaa66"
  integrity sha512-rBJeI5CXAlmy1pV+617WB9J63U6XcazHHF2f2dbJix4XzpUF0RS3Zbj0FGIOCAva5P/d/GBOYaACQ1w+0azUkg==

vite@^2.6.4:
  version "2.6.13"
  resolved "https://registry.yarnpkg.com/vite/-/vite-2.6.13.tgz#16b3ec85a66d5b461ac29a903874d4357f9af432"
  integrity sha512-+tGZ1OxozRirTudl4M3N3UTNJOlxdVo/qBl2IlDEy/ZpTFcskp+k5ncNjayR3bRYTCbqSOFz2JWGN1UmuDMScA==
  dependencies:
    esbuild "^0.13.2"
    postcss "^8.3.8"
    resolve "^1.20.0"
    rollup "^2.57.0"
  optionalDependencies:
    fsevents "~2.3.2"

vue-demi@*:
  version "0.12.1"
  resolved "https://registry.yarnpkg.com/vue-demi/-/vue-demi-0.12.1.tgz#f7e18efbecffd11ab069d1472d7a06e319b4174c"
  integrity sha512-QL3ny+wX8c6Xm1/EZylbgzdoDolye+VpCXRhI2hug9dJTP3OUJ3lmiKN3CsVV3mOJKwFi0nsstbgob0vG7aoIw==

vue-router@^4.0.12:
  version "4.0.12"
  resolved "https://registry.yarnpkg.com/vue-router/-/vue-router-4.0.12.tgz#8dc792cddf5bb1abcc3908f9064136de7e13c460"
  integrity sha512-CPXvfqe+mZLB1kBWssssTiWg4EQERyqJZes7USiqfW9B5N2x+nHlnsM1D3b5CaJ6qgCvMmYJnz+G0iWjNCvXrg==
  dependencies:
    "@vue/devtools-api" "^6.0.0-beta.18"

vue@^3.2.16:
  version "3.2.21"
  resolved "https://registry.yarnpkg.com/vue/-/vue-3.2.21.tgz#55f5665172d95cf97e806b9aad0a375180be23a1"
  integrity sha512-jpy7ckXdyclfRzqLjL4mtq81AkzQleE54KjZsJg/9OorNVurAxdlU5XpD49GpjKdnftuffKUvx2C5jDOrgc/zg==
  dependencies:
    "@vue/compiler-dom" "3.2.21"
    "@vue/compiler-sfc" "3.2.21"
    "@vue/runtime-dom" "3.2.21"
    "@vue/server-renderer" "3.2.21"
    "@vue/shared" "3.2.21"

xgplayer-subtitles@^1.0.19:
  version "1.0.21"
  resolved "https://registry.yarnpkg.com/xgplayer-subtitles/-/xgplayer-subtitles-1.0.21.tgz#6ed43610920fdbb1a3fc960648015d115c3dc24c"
  integrity sha512-ajd4k9DRr+65Wd017Gp/QCDBpRgNy+3f2VcazzQFMvfU1OHsanIBh4LQqZz3Ks5tYP2EnI5lffpThwn11hK9Gw==
  dependencies:
    eventemitter3 "^4.0.7"
    generate-source-map "0.0.5"

xgplayer@^2.31.2:
  version "2.31.4"
  resolved "https://registry.yarnpkg.com/xgplayer/-/xgplayer-2.31.4.tgz#7f95d88f80ac792aaf3592102cfd2e793df1c4eb"
  integrity sha512-apuAucT8RMsC8t0lattoBI9g8o9Pf7ZP7G5Eh5T7CpYAC7WA8zWZiWSunidc3rAs9HZmROhRtd1RhPnIyXGJjg==
  dependencies:
    chalk "^2.3.2"
    commander "^2.15.1"
    danmu.js "^0.5.9"
    downloadjs "1.4.7"
    draggabilly "^2.2.0"
    event-emitter "^0.3.5"
    fs-extra "^5.0.0"
    xgplayer-subtitles "^1.0.19"
